{
  "name": "prompt-card-system",
  "version": "1.0.1",
  "lockfileVersion": 3,
  "requires": true,
  "packages": {
    "": {
      "name": "prompt-card-system",
      "version": "1.0.1",
      "license": "MIT",
      "workspaces": [
        "frontend",
        "backend"
      ],
      "devDependencies": {
        "concurrently": "^8.2.2"
      },
      "engines": {
        "node": ">=20.0.0",
        "npm": ">=9.0.0"
      }
    }
  }
}